
Microsoft Visual Studio Solution File, Format Version 12.00
# Visual Studio Version 17
VisualStudioVersion = 17.4.33213.308
MinimumVisualStudioVersion = 10.0.40219.1
Project("{FAE04EC0-301F-11D3-BF4B-00C04F79EFBC}") = "OCR", "OCR\OCR.csproj", "{29E39450-BD64-4D59-BA97-C7F7B094794A}"
EndProject
Global
	GlobalSection(SolutionConfigurationPlatforms) = preSolution
		Debug|Any CPU = Debug|Any CPU
		Release|Any CPU = Release|Any CPU
	EndGlobalSection
	GlobalSection(ProjectConfigurationPlatforms) = postSolution
		{29E39450-BD64-4D59-BA97-C7F7B094794A}.Debug|Any CPU.ActiveCfg = Debug|Any CPU
		{29E39450-BD64-4D59-BA97-C7F7B094794A}.Debug|Any CPU.Build.0 = Debug|Any CPU
		{29E39450-BD64-4D59-BA97-C7F7B094794A}.Release|Any CPU.ActiveCfg = Release|Any CPU
		{29E39450-BD64-4D59-BA97-C7F7B094794A}.Release|Any CPU.Build.0 = Release|Any CPU
	EndGlobalSection
	GlobalSection(SolutionProperties) = preSolution
		HideSolutionNode = FALSE
	EndGlobalSection
	GlobalSection(ExtensibilityGlobals) = postSolution
		SolutionGuid = {88D522A3-67A7-4893-845B-F2BA474424CC}
	EndGlobalSection
EndGlobal
